
Microsoft Visual Studio Solution File, Format Version 12.00
# Visual Studio Version 17
VisualStudioVersion = 17.7.34202.233
MinimumVisualStudioVersion = 10.0.40219.1
Project("{FAE04EC0-301F-11D3-BF4B-00C04F79EFBC}") = "LogHelper", "LogHelper\LogHelper.csproj", "{B33B520E-9C9A-433E-8A3C-1EADA1A2E406}"
EndProject
Global
	GlobalSection(SolutionConfigurationPlatforms) = preSolution
		Debug|Any CPU = Debug|Any CPU
		Release|Any CPU = Release|Any CPU
	EndGlobalSection
	GlobalSection(ProjectConfigurationPlatforms) = postSolution
		{B33B520E-9C9A-433E-8A3C-1EADA1A2E406}.Debug|Any CPU.ActiveCfg = Debug|Any CPU
		{B33B520E-9C9A-433E-8A3C-1EADA1A2E406}.Debug|Any CPU.Build.0 = Debug|Any CPU
		{B33B520E-9C9A-433E-8A3C-1EADA1A2E406}.Release|Any CPU.ActiveCfg = Release|Any CPU
		{B33B520E-9C9A-433E-8A3C-1EADA1A2E406}.Release|Any CPU.Build.0 = Release|Any CPU
	EndGlobalSection
	GlobalSection(SolutionProperties) = preSolution
		HideSolutionNode = FALSE
	EndGlobalSection
	GlobalSection(ExtensibilityGlobals) = postSolution
		SolutionGuid = {27329FEC-D333-4B44-94C8-7F7072FA00E0}
	EndGlobalSection
EndGlobal
